
Microsoft Visual Studio Solution File, Format Version 12.00
# Visual Studio Version 16
VisualStudioVersion = 16.0.29709.97
MinimumVisualStudioVersion = 10.0.40219.1
Project("{9A19103F-16F7-4668-BE54-9A1E7A4F7556}") = "TPH.ContrOCC.Tools.ProtocolSync.AppendDividerToFiles", "TPH.ContrOCC.Tools.ProtocolSync.AppendDividerToFiles\TPH.ContrOCC.Tools.ProtocolSync.AppendDividerToFiles.csproj", "{D0AC92CF-74A3-42F3-BD07-C7031F9D44CF}"
EndProject
Project("{FAE04EC0-301F-11D3-BF4B-00C04F79EFBC}") = "TPH.ContrOCC.Tools.ProtocolSync.CreateHotfixFromMacroDeveloperToolOutput", "TPH.ContrOCC.Tools.ProtocolSync.CreateHotfixFromMacroDeveloperToolOutput\TPH.ContrOCC.Tools.ProtocolSync.CreateHotfixFromMacroDeveloperToolOutput.csproj", "{AB3D3245-5A78-4B47-8693-180919845944}"
EndProject
Global
	GlobalSection(SolutionConfigurationPlatforms) = preSolution
		Debug|Any CPU = Debug|Any CPU
		Release|Any CPU = Release|Any CPU
	EndGlobalSection
	GlobalSection(ProjectConfigurationPlatforms) = postSolution
		{D0AC92CF-74A3-42F3-BD07-C7031F9D44CF}.Debug|Any CPU.ActiveCfg = Debug|Any CPU
		{D0AC92CF-74A3-42F3-BD07-C7031F9D44CF}.Debug|Any CPU.Build.0 = Debug|Any CPU
		{D0AC92CF-74A3-42F3-BD07-C7031F9D44CF}.Release|Any CPU.ActiveCfg = Release|Any CPU
		{D0AC92CF-74A3-42F3-BD07-C7031F9D44CF}.Release|Any CPU.Build.0 = Release|Any CPU
		{AB3D3245-5A78-4B47-8693-180919845944}.Debug|Any CPU.ActiveCfg = Debug|Any CPU
		{AB3D3245-5A78-4B47-8693-180919845944}.Debug|Any CPU.Build.0 = Debug|Any CPU
		{AB3D3245-5A78-4B47-8693-180919845944}.Release|Any CPU.ActiveCfg = Release|Any CPU
		{AB3D3245-5A78-4B47-8693-180919845944}.Release|Any CPU.Build.0 = Release|Any CPU
	EndGlobalSection
	GlobalSection(SolutionProperties) = preSolution
		HideSolutionNode = FALSE
	EndGlobalSection
	GlobalSection(ExtensibilityGlobals) = postSolution
		SolutionGuid = {0432028C-408F-4CF3-B6D1-22EA8B229957}
	EndGlobalSection
EndGlobal
